
Microsoft Visual Studio Solution File, Format Version 12.00
# Visual Studio Version 17
VisualStudioVersion = 17.8.34330.188
MinimumVisualStudioVersion = 10.0.40219.1
Project("{9A19103F-16F7-4668-BE54-9A1E7A4F7556}") = "Labb2DataAcess", "Labb2DataAcess\Labb2DataAcess.csproj", "{DFC05A7C-CF82-40A5-B2E4-9523F76E0811}"
EndProject
Project("{9A19103F-16F7-4668-BE54-9A1E7A4F7556}") = "Labb2BokHandelGUI", "Labb2BokHandelGUI\Labb2BokHandelGUI.csproj", "{B8622F62-D1D3-4541-A894-231560D4BC91}"
EndProject
Project("{9A19103F-16F7-4668-BE54-9A1E7A4F7556}") = "Common", "Common\Common.csproj", "{4E6039F8-753E-43DE-A9D2-4F936D3EDF4A}"
EndProject
Global
	GlobalSection(SolutionConfigurationPlatforms) = preSolution
		Debug|Any CPU = Debug|Any CPU
		Release|Any CPU = Release|Any CPU
	EndGlobalSection
	GlobalSection(ProjectConfigurationPlatforms) = postSolution
		{DFC05A7C-CF82-40A5-B2E4-9523F76E0811}.Debug|Any CPU.ActiveCfg = Debug|Any CPU
		{DFC05A7C-CF82-40A5-B2E4-9523F76E0811}.Debug|Any CPU.Build.0 = Debug|Any CPU
		{DFC05A7C-CF82-40A5-B2E4-9523F76E0811}.Release|Any CPU.ActiveCfg = Release|Any CPU
		{DFC05A7C-CF82-40A5-B2E4-9523F76E0811}.Release|Any CPU.Build.0 = Release|Any CPU
		{B8622F62-D1D3-4541-A894-231560D4BC91}.Debug|Any CPU.ActiveCfg = Debug|Any CPU
		{B8622F62-D1D3-4541-A894-231560D4BC91}.Debug|Any CPU.Build.0 = Debug|Any CPU
		{B8622F62-D1D3-4541-A894-231560D4BC91}.Release|Any CPU.ActiveCfg = Release|Any CPU
		{B8622F62-D1D3-4541-A894-231560D4BC91}.Release|Any CPU.Build.0 = Release|Any CPU
		{4E6039F8-753E-43DE-A9D2-4F936D3EDF4A}.Debug|Any CPU.ActiveCfg = Debug|Any CPU
		{4E6039F8-753E-43DE-A9D2-4F936D3EDF4A}.Debug|Any CPU.Build.0 = Debug|Any CPU
		{4E6039F8-753E-43DE-A9D2-4F936D3EDF4A}.Release|Any CPU.ActiveCfg = Release|Any CPU
		{4E6039F8-753E-43DE-A9D2-4F936D3EDF4A}.Release|Any CPU.Build.0 = Release|Any CPU
	EndGlobalSection
	GlobalSection(SolutionProperties) = preSolution
		HideSolutionNode = FALSE
	EndGlobalSection
	GlobalSection(ExtensibilityGlobals) = postSolution
		SolutionGuid = {4E0DE76A-F5C6-4A3F-B163-1AF43E862890}
	EndGlobalSection
EndGlobal
